
Microsoft Visual Studio Solution File, Format Version 12.00
# Visual Studio Version 16
VisualStudioVersion = 16.0.30907.101
MinimumVisualStudioVersion = 10.0.40219.1
Project("{00D1A9C2-B5F0-4AF3-8072-F6C62B433612}") = "db_DataHandwerk", "db_DataHandwerk.sqlproj", "{9C9D2678-85D0-4326-A997-A7EBB0722A14}"
EndProject
Global
	GlobalSection(SolutionConfigurationPlatforms) = preSolution
		Debug|Any CPU = Debug|Any CPU
		Release|Any CPU = Release|Any CPU
	EndGlobalSection
	GlobalSection(ProjectConfigurationPlatforms) = postSolution
		{9C9D2678-85D0-4326-A997-A7EBB0722A14}.Debug|Any CPU.ActiveCfg = Debug|Any CPU
		{9C9D2678-85D0-4326-A997-A7EBB0722A14}.Debug|Any CPU.Build.0 = Debug|Any CPU
		{9C9D2678-85D0-4326-A997-A7EBB0722A14}.Debug|Any CPU.Deploy.0 = Debug|Any CPU
		{9C9D2678-85D0-4326-A997-A7EBB0722A14}.Release|Any CPU.ActiveCfg = Release|Any CPU
		{9C9D2678-85D0-4326-A997-A7EBB0722A14}.Release|Any CPU.Build.0 = Release|Any CPU
		{9C9D2678-85D0-4326-A997-A7EBB0722A14}.Release|Any CPU.Deploy.0 = Release|Any CPU
	EndGlobalSection
	GlobalSection(SolutionProperties) = preSolution
		HideSolutionNode = FALSE
	EndGlobalSection
	GlobalSection(ExtensibilityGlobals) = postSolution
		SolutionGuid = {EF7A00D2-C3ED-42BF-A80C-18F3C533C4B9}
	EndGlobalSection
EndGlobal
